
Microsoft Visual Studio Solution File, Format Version 12.00
# Visual Studio 2013
VisualStudioVersion = 12.0.21005.1
MinimumVisualStudioVersion = 10.0.40219.1
Project("{8BC9CEB8-8B4A-11D0-8D11-00A0C91BC942}") = "struct12-1", "struct12-1\struct12-1.vcxproj", "{6779198F-3D27-4DA2-960E-2E1A650011BE}"
EndProject
Global
	GlobalSection(SolutionConfigurationPlatforms) = preSolution
		Debug|Win32 = Debug|Win32
		Release|Win32 = Release|Win32
	EndGlobalSection
	GlobalSection(ProjectConfigurationPlatforms) = postSolution
		{6779198F-3D27-4DA2-960E-2E1A650011BE}.Debug|Win32.ActiveCfg = Debug|Win32
		{6779198F-3D27-4DA2-960E-2E1A650011BE}.Debug|Win32.Build.0 = Debug|Win32
		{6779198F-3D27-4DA2-960E-2E1A650011BE}.Release|Win32.ActiveCfg = Release|Win32
		{6779198F-3D27-4DA2-960E-2E1A650011BE}.Release|Win32.Build.0 = Release|Win32
	EndGlobalSection
	GlobalSection(SolutionProperties) = preSolution
		HideSolutionNode = FALSE
	EndGlobalSection
EndGlobal
